{
  "requires": true,
  "lockfileVersion": 1,
  "dependencies": {
    "lodash.debounce": {
      "version": "4.0.8",
      "resolved": "https://registry.npmjs.org/lodash.debounce/-/lodash.debounce-4.0.8.tgz",
      "integrity": "sha1-gteb/zCmfEAF/9XiUVMArZyk168="
    },
    "monaco-editor": {
      "version": "0.10.1",
      "resolved": "https://registry.npmjs.org/monaco-editor/-/monaco-editor-0.10.1.tgz",
      "integrity": "sha1-jJbE8VtrUli/ksvek8rYp+MAfhQ="
    },
    "monaco-editor-forvue": {
      "version": "1.0.3",
      "resolved": "https://registry.npmjs.org/monaco-editor-forvue/-/monaco-editor-forvue-1.0.3.tgz",
      "integrity": "sha512-kkkZzclZIMu0trsqxYM2i6ybKmWhOzQC/JzslMgeBBG9xEP6J4yFawLwQcBTbUCVF6OhTK3ysIr6lw7rNNTk8g==",
      "requires": {
        "lodash.debounce": "^4.0.8",
        "monaco-editor": "^0.10.0",
        "vue": "^2.1.0"
      }
    },
    "vue": {
      "version": "2.5.22",
      "resolved": "https://registry.npmjs.org/vue/-/vue-2.5.22.tgz",
      "integrity": "sha512-pxY3ZHlXNJMFQbkjEgGVMaMMkSV1ONpz+4qB55kZuJzyJOhn6MSy/YZdzhdnumegNzVTL/Dn3Pp4UrVBYt1j/g=="
    }
  }
}
